// !$*UTF8*$!
{
	archiveVersion = 1;
	classes = {
	};
	objectVersion = 46;
	objects = {

/* Begin PBXBuildFile section */
		2FEE3BC21C7284A800214C6D /* AppDelegate.swift in Sources */ = {isa = PBXBuildFile; fileRef = 2FEE3BC11C7284A800214C6D /* AppDelegate.swift */; };
		2FEE3BC41C7284A800214C6D /* ViewController.swift in Sources */ = {isa = PBXBuildFile; fileRef = 2FEE3BC31C7284A800214C6D /* ViewController.swift */; };
		2FEE3BC71C7284A800214C6D /* Main.storyboard in Resources */ = {isa = PBXBuildFile; fileRef = 2FEE3BC51C7284A800214C6D /* Main.storyboard */; };
		2FEE3BC91C7284A900214C6D /* Assets.xcassets in Resources */ = {isa = PBXBuildFile; fileRef = 2FEE3BC81C7284A900214C6D /* Assets.xcassets */; };
		2FEE3BCC1C7284A900214C6D /* LaunchScreen.storyboard in Resources */ = {isa = PBXBuildFile; fileRef = 2FEE3BCA1C7284A900214C6D /* LaunchScreen.storyboard */; };
		2FEE3BD71C7284A900214C6D /* multiplesTests.swift in Sources */ = {isa = PBXBuildFile; fileRef = 2FEE3BD61C7284A900214C6D /* multiplesTests.swift */; };
		2FEE3BE21C7284A900214C6D /* multiplesUITests.swift in Sources */ = {isa = PBXBuildFile; fileRef = 2FEE3BE11C7284A900214C6D /* multiplesUITests.swift */; };
/* End PBXBuildFile section */

/* Begin PBXContainerItemProxy section */
		2FEE3BD31C7284A900214C6D /* PBXContainerItemProxy */ = {
			isa = PBXContainerItemProxy;
			containerPortal = 2FEE3BB61C7284A800214C6D /* Project object */;
			proxyType = 1;
			remoteGlobalIDString = 2FEE3BBD1C7284A800214C6D;
			remoteInfo = multiples;
		};
		2FEE3BDE1C7284A900214C6D /* PBXContainerItemProxy */ = {
			isa = PBXContainerItemProxy;
			containerPortal = 2FEE3BB61C7284A800214C6D /* Project object */;
			proxyType = 1;
			remoteGlobalIDString = 2FEE3BBD1C7284A800214C6D;
			remoteInfo = multiples;
		};
/* End PBXContainerItemProxy section */

/* Begin PBXFileReference section */
		2FEE3BBE1C7284A800214C6D /* multiples.app */ = {isa = PBXFileReference; explicitFileType = wrapper.application; includeInIndex = 0; path = multiples.app; sourceTree = BUILT_PRODUCTS_DIR; };
		2FEE3BC11C7284A800214C6D /* AppDelegate.swift */ = {isa = PBXFileReference; lastKnownFileType = sourcecode.swift; path = AppDelegate.swift; sourceTree = "<group>"; };
		2FEE3BC31C7284A800214C6D /* ViewController.swift */ = {isa = PBXFileReference; lastKnownFileType = sourcecode.swift; path = ViewController.swift; sourceTree = "<group>"; };
		2FEE3BC61C7284A800214C6D /* Base */ = {isa = PBXFileReference; lastKnownFileType = file.storyboard; name = Base; path = Base.lproj/Main.storyboard; sourceTree = "<group>"; };
		2FEE3BC81C7284A900214C6D /* Assets.xcassets */ = {isa = PBXFileReference; lastKnownFileType = folder.assetcatalog; path = Assets.xcassets; sourceTree = "<group>"; };
		2FEE3BCB1C7284A900214C6D /* Base */ = {isa = PBXFileReference; lastKnownFileType = file.storyboard; name = Base; path = Base.lproj/LaunchScreen.storyboard; sourceTree = "<group>"; };
		2FEE3BCD1C7284A900214C6D /* Info.plist */ = {isa = PBXFileReference; lastKnownFileType = text.plist.xml; path = Info.plist; sourceTree = "<group>"; };
		2FEE3BD21C7284A900214C6D /* multiplesTests.xctest */ = {isa = PBXFileReference; explicitFileType = wrapper.cfbundle; includeInIndex = 0; path = multiplesTests.xctest; sourceTree = BUILT_PRODUCTS_DIR; };
		2FEE3BD61C7284A900214C6D /* multiplesTests.swift */ = {isa = PBXFileReference; lastKnownFileType = sourcecode.swift; path = multiplesTests.swift; sourceTree = "<group>"; };
		2FEE3BD81C7284A900214C6D /* Info.plist */ = {isa = PBXFileReference; lastKnownFileType = text.plist.xml; path = Info.plist; sourceTree = "<group>"; };
		2FEE3BDD1C7284A900214C6D /* multiplesUITests.xctest */ = {isa = PBXFileReference; explicitFileType = wrapper.cfbundle; includeInIndex = 0; path = multiplesUITests.xctest; sourceTree = BUILT_PRODUCTS_DIR; };
		2FEE3BE11C7284A900214C6D /* multiplesUITests.swift */ = {isa = PBXFileReference; lastKnownFileType = sourcecode.swift; path = multiplesUITests.swift; sourceTree = "<group>"; };
		2FEE3BE31C7284A900214C6D /* Info.plist */ = {isa = PBXFileReference; lastKnownFileType = text.plist.xml; path = Info.plist; sourceTree = "<group>"; };
/* End PBXFileReference section */

/* Begin PBXFrameworksBuildPhase section */
		2FEE3BBB1C7284A800214C6D /* Frameworks */ = {
			isa = PBXFrameworksBuildPhase;
			buildActionMask = 2147483647;
			files = (
			);
			runOnlyForDeploymentPostprocessing = 0;
		};
		2FEE3BCF1C7284A900214C6D /* Frameworks */ = {
			isa = PBXFrameworksBuildPhase;
			buildActionMask = 2147483647;
			files = (
			);
			runOnlyForDeploymentPostprocessing = 0;
		};
		2FEE3BDA1C7284A900214C6D /* Frameworks */ = {
			isa = PBXFrameworksBuildPhase;
			buildActionMask = 2147483647;
			files = (
			);
			runOnlyForDeploymentPostprocessing = 0;
		};
/* End PBXFrameworksBuildPhase section */

/* Begin PBXGroup section */
		2FEE3BB51C7284A800214C6D = {
			isa = PBXGroup;
			children = (
				2FEE3BC01C7284A800214C6D /* multiples */,
				2FEE3BD51C7284A900214C6D /* multiplesTests */,
				2FEE3BE01C7284A900214C6D /* multiplesUITests */,
				2FEE3BBF1C7284A800214C6D /* Products */,
			);
			sourceTree = "<group>";
		};
		2FEE3BBF1C7284A800214C6D /* Products */ = {
			isa = PBXGroup;
			children = (
				2FEE3BBE1C7284A800214C6D /* multiples.app */,
				2FEE3BD21C7284A900214C6D /* multiplesTests.xctest */,
				2FEE3BDD1C7284A900214C6D /* multiplesUITests.xctest */,
			);
			name = Products;
			sourceTree = "<group>";
		};
		2FEE3BC01C7284A800214C6D /* multiples */ = {
			isa = PBXGroup;
			children = (
				2FEE3BC11C7284A800214C6D /* AppDelegate.swift */,
				2FEE3BC31C7284A800214C6D /* ViewController.swift */,
				2FEE3BC51C7284A800214C6D /* Main.storyboard */,
				2FEE3BC81C7284A900214C6D /* Assets.xcassets */,
				2FEE3BCA1C7284A900214C6D /* LaunchScreen.storyboard */,
				2FEE3BCD1C7284A900214C6D /* Info.plist */,
			);
			path = multiples;
			sourceTree = "<group>";
		};
		2FEE3BD51C7284A900214C6D /* multiplesTests */ = {
			isa = PBXGroup;
			children = (
				2FEE3BD61C7284A900214C6D /* multiplesTests.swift */,
				2FEE3BD81C7284A900214C6D /* Info.plist */,
			);
			path = multiplesTests;
			sourceTree = "<group>";
		};
		2FEE3BE01C7284A900214C6D /* multiplesUITests */ = {
			isa = PBXGroup;
			children = (
				2FEE3BE11C7284A900214C6D /* multiplesUITests.swift */,
				2FEE3BE31C7284A900214C6D /* Info.plist */,
			);
			path = multiplesUITests;
			sourceTree = "<group>";
		};
/* End PBXGroup section */

/* Begin PBXNativeTarget section */
		2FEE3BBD1C7284A800214C6D /* multiples */ = {
			isa = PBXNativeTarget;
			buildConfigurationList = 2FEE3BE61C7284A900214C6D /* Build configuration list for PBXNativeTarget "multiples" */;
			buildPhases = (
				2FEE3BBA1C7284A800214C6D /* Sources */,
				2FEE3BBB1C7284A800214C6D /* Frameworks */,
				2FEE3BBC1C7284A800214C6D /* Resources */,
			);
			buildRules = (
			);
			dependencies = (
			);
			name = multiples;
			productName = multiples;
			productReference = 2FEE3BBE1C7284A800214C6D /* multiples.app */;
			productType = "com.apple.product-type.application";
		};
		2FEE3BD11C7284A900214C6D /* multiplesTests */ = {
			isa = PBXNativeTarget;
			buildConfigurationList = 2FEE3BE91C7284A900214C6D /* Build configuration list for PBXNativeTarget "multiplesTests" */;
			buildPhases = (
				2FEE3BCE1C7284A900214C6D /* Sources */,
				2FEE3BCF1C7284A900214C6D /* Frameworks */,
				2FEE3BD01C7284A900214C6D /* Resources */,
			);
			buildRules = (
			);
			dependencies = (
				2FEE3BD41C7284A900214C6D /* PBXTargetDependency */,
			);
			name = multiplesTests;
			productName = multiplesTests;
			productReference = 2FEE3BD21C7284A900214C6D /* multiplesTests.xctest */;
			productType = "com.apple.product-type.bundle.unit-test";
		};
		2FEE3BDC1C7284A900214C6D /* multiplesUITests */ = {
			isa = PBXNativeTarget;
			buildConfigurationList = 2FEE3BEC1C7284A900214C6D /* Build configuration list for PBXNativeTarget "multiplesUITests" */;
			buildPhases = (
				2FEE3BD91C7284A900214C6D /* Sources */,
				2FEE3BDA1C7284A900214C6D /* Frameworks */,
				2FEE3BDB1C7284A900214C6D /* Resources */,
			);
			buildRules = (
			);
			dependencies = (
				2FEE3BDF1C7284A900214C6D /* PBXTargetDependency */,
			);
			name = multiplesUITests;
			productName = multiplesUITests;
			productReference = 2FEE3BDD1C7284A900214C6D /* multiplesUITests.xctest */;
			productType = "com.apple.product-type.bundle.ui-testing";
		};
/* End PBXNativeTarget section */

/* Begin PBXProject section */
		2FEE3BB61C7284A800214C6D /* Project object */ = {
			isa = PBXProject;
			attributes = {
				LastSwiftUpdateCheck = 0720;
				LastUpgradeCheck = 0720;
				ORGANIZATIONNAME = "A-Tek";
				TargetAttributes = {
					2FEE3BBD1C7284A800214C6D = {
						CreatedOnToolsVersion = 7.2;
					};
					2FEE3BD11C7284A900214C6D = {
						CreatedOnToolsVersion = 7.2;
						TestTargetID = 2FEE3BBD1C7284A800214C6D;
					};
					2FEE3BDC1C7284A900214C6D = {
						CreatedOnToolsVersion = 7.2;
						TestTargetID = 2FEE3BBD1C7284A800214C6D;
					};
				};
			};
			buildConfigurationList = 2FEE3BB91C7284A800214C6D /* Build configuration list for PBXProject "multiples" */;
			compatibilityVersion = "Xcode 3.2";
			developmentRegion = English;
			hasScannedForEncodings = 0;
			knownRegions = (
				en,
				Base,
			);
			mainGroup = 2FEE3BB51C7284A800214C6D;
			productRefGroup = 2FEE3BBF1C7284A800214C6D /* Products */;
			projectDirPath = "";
			projectRoot = "";
			targets = (
				2FEE3BBD1C7284A800214C6D /* multiples */,
				2FEE3BD11C7284A900214C6D /* multiplesTests */,
				2FEE3BDC1C7284A900214C6D /* multiplesUITests */,
			);
		};
/* End PBXProject section */

/* Begin PBXResourcesBuildPhase section */
		2FEE3BBC1C7284A800214C6D /* Resources */ = {
			isa = PBXResourcesBuildPhase;
			buildActionMask = 2147483647;
			files = (
				2FEE3BCC1C7284A900214C6D /* LaunchScreen.storyboard in Resources */,
				2FEE3BC91C7284A900214C6D /* Assets.xcassets in Resources */,
				2FEE3BC71C7284A800214C6D /* Main.storyboard in Resources */,
			);
			runOnlyForDeploymentPostprocessing = 0;
		};
		2FEE3BD01C7284A900214C6D /* Resources */ = {
			isa = PBXResourcesBuildPhase;
			buildActionMask = 2147483647;
			files = (
			);
			runOnlyForDeploymentPostprocessing = 0;
		};
		2FEE3BDB1C7284A900214C6D /* Resources */ = {
			isa = PBXResourcesBuildPhase;
			buildActionMask = 2147483647;
			files = (
			);
			runOnlyForDeploymentPostprocessing = 0;
		};
/* End PBXResourcesBuildPhase section */

/* Begin PBXSourcesBuildPhase section */
		2FEE3BBA1C7284A800214C6D /* Sources */ = {
			isa = PBXSourcesBuildPhase;
			buildActionMask = 2147483647;
			files = (
				2FEE3BC41C7284A800214C6D /* ViewController.swift in Sources */,
				2FEE3BC21C7284A800214C6D /* AppDelegate.swift in Sources */,
			);
			runOnlyForDeploymentPostprocessing = 0;
		};
		2FEE3BCE1C7284A900214C6D /* Sources */ = {
			isa = PBXSourcesBuildPhase;
			buildActionMask = 2147483647;
			files = (
				2FEE3BD71C7284A900214C6D /* multiplesTests.swift in Sources */,
			);
			runOnlyForDeploymentPostprocessing = 0;
		};
		2FEE3BD91C7284A900214C6D /* Sources */ = {
			isa = PBXSourcesBuildPhase;
			buildActionMask = 2147483647;
			files = (
				2FEE3BE21C7284A900214C6D /* multiplesUITests.swift in Sources */,
			);
			runOnlyForDeploymentPostprocessing = 0;
		};
/* End PBXSourcesBuildPhase section */

/* Begin PBXTargetDependency section */
		2FEE3BD41C7284A900214C6D /* PBXTargetDependency */ = {
			isa = PBXTargetDependency;
			target = 2FEE3BBD1C7284A800214C6D /* multiples */;
			targetProxy = 2FEE3BD31C7284A900214C6D /* PBXContainerItemProxy */;
		};
		2FEE3BDF1C7284A900214C6D /* PBXTargetDependency */ = {
			isa = PBXTargetDependency;
			target = 2FEE3BBD1C7284A800214C6D /* multiples */;
			targetProxy = 2FEE3BDE1C7284A900214C6D /* PBXContainerItemProxy */;
		};
/* End PBXTargetDependency section */

/* Begin PBXVariantGroup section */
		2FEE3BC51C7284A800214C6D /* Main.storyboard */ = {
			isa = PBXVariantGroup;
			children = (
				2FEE3BC61C7284A800214C6D /* Base */,
			);
			name = Main.storyboard;
			sourceTree = "<group>";
		};
		2FEE3BCA1C7284A900214C6D /* LaunchScreen.storyboard */ = {
			isa = PBXVariantGroup;
			children = (
				2FEE3BCB1C7284A900214C6D /* Base */,
			);
			name = LaunchScreen.storyboard;
			sourceTree = "<group>";
		};
/* End PBXVariantGroup section */

/* Begin XCBuildConfiguration section */
		2FEE3BE41C7284A900214C6D /* Debug */ = {
			isa = XCBuildConfiguration;
			buildSettings = {
				ALWAYS_SEARCH_USER_PATHS = NO;
				CLANG_CXX_LANGUAGE_STANDARD = "gnu++0x";
				CLANG_CXX_LIBRARY = "libc++";
				CLANG_ENABLE_MODULES = YES;
				CLANG_ENABLE_OBJC_ARC = YES;
				CLANG_WARN_BOOL_CONVERSION = YES;
				CLANG_WARN_CONSTANT_CONVERSION = YES;
				CLANG_WARN_DIRECT_OBJC_ISA_USAGE = YES_ERROR;
				CLANG_WARN_EMPTY_BODY = YES;
				CLANG_WARN_ENUM_CONVERSION = YES;
				CLANG_WARN_INT_CONVERSION = YES;
				CLANG_WARN_OBJC_ROOT_CLASS = YES_ERROR;
				CLANG_WARN_UNREACHABLE_CODE = YES;
				CLANG_WARN__DUPLICATE_METHOD_MATCH = YES;
				"CODE_SIGN_IDENTITY[sdk=iphoneos*]" = "iPhone Developer";
				COPY_PHASE_STRIP = NO;
				DEBUG_INFORMATION_FORMAT = dwarf;
				ENABLE_STRICT_OBJC_MSGSEND = YES;
				ENABLE_TESTABILITY = YES;
				GCC_C_LANGUAGE_STANDARD = gnu99;
				GCC_DYNAMIC_NO_PIC = NO;
				GCC_NO_COMMON_BLOCKS = YES;
				GCC_OPTIMIZATION_LEVEL = 0;
				GCC_PREPROCESSOR_DEFINITIONS = (
					"DEBUG=1",
					"$(inherited)",
				);
				GCC_WARN_64_TO_32_BIT_CONVERSION = YES;
				GCC_WARN_ABOUT_RETURN_TYPE = YES_ERROR;
				GCC_WARN_UNDECLARED_SELECTOR = YES;
				GCC_WARN_UNINITIALIZED_AUTOS = YES_AGGRESSIVE;
				GCC_WARN_UNUSED_FUNCTION = YES;
				GCC_WARN_UNUSED_VARIABLE = YES;
				IPHONEOS_DEPLOYMENT_TARGET = 9.2;
				MTL_ENABLE_DEBUG_INFO = YES;
				ONLY_ACTIVE_ARCH = YES;
				SDKROOT = iphoneos;
				SWIFT_OPTIMIZATION_LEVEL = "-Onone";
				TARGETED_DEVICE_FAMILY = "1,2";
			};
			name = Debug;
		};
		2FEE3BE51C7284A900214C6D /* Release */ = {
			isa = XCBuildConfiguration;
			buildSettings = {
				ALWAYS_SEARCH_USER_PATHS = NO;
				CLANG_CXX_LANGUAGE_STANDARD = "gnu++0x";
				CLANG_CXX_LIBRARY = "libc++";
				CLANG_ENABLE_MODULES = YES;
				CLANG_ENABLE_OBJC_ARC = YES;
				CLANG_WARN_BOOL_CONVERSION = YES;
				CLANG_WARN_CONSTANT_CONVERSION = YES;
				CLANG_WARN_DIRECT_OBJC_ISA_USAGE = YES_ERROR;
				CLANG_WARN_EMPTY_BODY = YES;
				CLANG_WARN_ENUM_CONVERSION = YES;
				CLANG_WARN_INT_CONVERSION = YES;
				CLANG_WARN_OBJC_ROOT_CLASS = YES_ERROR;
				CLANG_WARN_UNREACHABLE_CODE = YES;
				CLANG_WARN__DUPLICATE_METHOD_MATCH = YES;
				"CODE_SIGN_IDENTITY[sdk=iphoneos*]" = "iPhone Developer";
				COPY_PHASE_STRIP = NO;
				DEBUG_INFORMATION_FORMAT = "dwarf-with-dsym";
				ENABLE_NS_ASSERTIONS = NO;
				ENABLE_STRICT_OBJC_MSGSEND = YES;
				GCC_C_LANGUAGE_STANDARD = gnu99;
				GCC_NO_COMMON_BLOCKS = YES;
				GCC_WARN_64_TO_32_BIT_CONVERSION = YES;
				GCC_WARN_ABOUT_RETURN_TYPE = YES_ERROR;
				GCC_WARN_UNDECLARED_SELECTOR = YES;
				GCC_WARN_UNINITIALIZED_AUTOS = YES_AGGRESSIVE;
				GCC_WARN_UNUSED_FUNCTION = YES;
				GCC_WARN_UNUSED_VARIABLE = YES;
				IPHONEOS_DEPLOYMENT_TARGET = 9.2;
				MTL_ENABLE_DEBUG_INFO = NO;
				SDKROOT = iphoneos;
				TARGETED_DEVICE_FAMILY = "1,2";
				VALIDATE_PRODUCT = YES;
			};
			name = Release;
		};
		2FEE3BE71C7284A900214C6D /* Debug */ = {
			isa = XCBuildConfiguration;
			buildSettings = {
				ASSETCATALOG_COMPILER_APPICON_NAME = AppIcon;
				INFOPLIST_FILE = multiples/Info.plist;
				LD_RUNPATH_SEARCH_PATHS = "$(inherited) @executable_path/Frameworks";
				PRODUCT_BUNDLE_IDENTIFIER = "com.a-tek.multiples";
				PRODUCT_NAME = "$(TARGET_NAME)";
			};
			name = Debug;
		};
		2FEE3BE81C7284A900214C6D /* Release */ = {
			isa = XCBuildConfiguration;
			buildSettings = {
				ASSETCATALOG_COMPILER_APPICON_NAME = AppIcon;
				INFOPLIST_FILE = multiples/Info.plist;
				LD_RUNPATH_SEARCH_PATHS = "$(inherited) @executable_path/Frameworks";
				PRODUCT_BUNDLE_IDENTIFIER = "com.a-tek.multiples";
				PRODUCT_NAME = "$(TARGET_NAME)";
			};
			name = Release;
		};
		2FEE3BEA1C7284A900214C6D /* Debug */ = {
			isa = XCBuildConfiguration;
			buildSettings = {
				BUNDLE_LOADER = "$(TEST_HOST)";
				INFOPLIST_FILE = multiplesTests/Info.plist;
				LD_RUNPATH_SEARCH_PATHS = "$(inherited) @executable_path/Frameworks @loader_path/Frameworks";
				PRODUCT_BUNDLE_IDENTIFIER = "com.a-tek.multiplesTests";
				PRODUCT_NAME = "$(TARGET_NAME)";
				TEST_HOST = "$(BUILT_PRODUCTS_DIR)/multiples.app/multiples";
			};
			name = Debug;
		};
		2FEE3BEB1C7284A900214C6D /* Release */ = {
			isa = XCBuildConfiguration;
			buildSettings = {
				BUNDLE_LOADER = "$(TEST_HOST)";
				INFOPLIST_FILE = multiplesTests/Info.plist;
				LD_RUNPATH_SEARCH_PATHS = "$(inherited) @executable_path/Frameworks @loader_path/Frameworks";
				PRODUCT_BUNDLE_IDENTIFIER = "com.a-tek.multiplesTests";
				PRODUCT_NAME = "$(TARGET_NAME)";
				TEST_HOST = "$(BUILT_PRODUCTS_DIR)/multiples.app/multiples";
			};
			name = Release;
		};
		2FEE3BED1C7284A900214C6D /* Debug */ = {
			isa = XCBuildConfiguration;
			buildSettings = {
				INFOPLIST_FILE = multiplesUITests/Info.plist;
				LD_RUNPATH_SEARCH_PATHS = "$(inherited) @executable_path/Frameworks @loader_path/Frameworks";
				PRODUCT_BUNDLE_IDENTIFIER = "com.a-tek.multiplesUITests";
				PRODUCT_NAME = "$(TARGET_NAME)";
				TEST_TARGET_NAME = multiples;
				USES_XCTRUNNER = YES;
			};
			name = Debug;
		};
		2FEE3BEE1C7284A900214C6D /* Release */ = {
			isa = XCBuildConfiguration;
			buildSettings = {
				INFOPLIST_FILE = multiplesUITests/Info.plist;
				LD_RUNPATH_SEARCH_PATHS = "$(inherited) @executable_path/Frameworks @loader_path/Frameworks";
				PRODUCT_BUNDLE_IDENTIFIER = "com.a-tek.multiplesUITests";
				PRODUCT_NAME = "$(TARGET_NAME)";
				TEST_TARGET_NAME = multiples;
				USES_XCTRUNNER = YES;
			};
			name = Release;
		};
/* End XCBuildConfiguration section */

/* Begin XCConfigurationList section */
		2FEE3BB91C7284A800214C6D /* Build configuration list for PBXProject "multiples" */ = {
			isa = XCConfigurationList;
			buildConfigurations = (
				2FEE3BE41C7284A900214C6D /* Debug */,
				2FEE3BE51C7284A900214C6D /* Release */,
			);
			defaultConfigurationIsVisible = 0;
			defaultConfigurationName = Release;
		};
		2FEE3BE61C7284A900214C6D /* Build configuration list for PBXNativeTarget "multiples" */ = {
			isa = XCConfigurationList;
			buildConfigurations = (
				2FEE3BE71C7284A900214C6D /* Debug */,
				2FEE3BE81C7284A900214C6D /* Release */,
			);
			defaultConfigurationIsVisible = 0;
		};
		2FEE3BE91C7284A900214C6D /* Build configuration list for PBXNativeTarget "multiplesTests" */ = {
			isa = XCConfigurationList;
			buildConfigurations = (
				2FEE3BEA1C7284A900214C6D /* Debug */,
				2FEE3BEB1C7284A900214C6D /* Release */,
			);
			defaultConfigurationIsVisible = 0;
		};
		2FEE3BEC1C7284A900214C6D /* Build configuration list for PBXNativeTarget "multiplesUITests" */ = {
			isa = XCConfigurationList;
			buildConfigurations = (
				2FEE3BED1C7284A900214C6D /* Debug */,
				2FEE3BEE1C7284A900214C6D /* Release */,
			);
			defaultConfigurationIsVisible = 0;
		};
/* End XCConfigurationList section */
	};
	rootObject = 2FEE3BB61C7284A800214C6D /* Project object */;
}
